
Microsoft Visual Studio Solution File, Format Version 12.00
# Visual Studio Version 17
VisualStudioVersion = 17.10.35013.160
MinimumVisualStudioVersion = 10.0.40219.1
Project("{FAE04EC0-301F-11D3-BF4B-00C04F79EFBC}") = "Github_Test1", "Github_Test1\Github_Test1.csproj", "{79535A1B-DC38-4570-8BC2-283393EB9133}"
EndProject
Global
	GlobalSection(SolutionConfigurationPlatforms) = preSolution
		Debug|Any CPU = Debug|Any CPU
		Release|Any CPU = Release|Any CPU
	EndGlobalSection
	GlobalSection(ProjectConfigurationPlatforms) = postSolution
		{79535A1B-DC38-4570-8BC2-283393EB9133}.Debug|Any CPU.ActiveCfg = Debug|Any CPU
		{79535A1B-DC38-4570-8BC2-283393EB9133}.Debug|Any CPU.Build.0 = Debug|Any CPU
		{79535A1B-DC38-4570-8BC2-283393EB9133}.Release|Any CPU.ActiveCfg = Release|Any CPU
		{79535A1B-DC38-4570-8BC2-283393EB9133}.Release|Any CPU.Build.0 = Release|Any CPU
	EndGlobalSection
	GlobalSection(SolutionProperties) = preSolution
		HideSolutionNode = FALSE
	EndGlobalSection
	GlobalSection(ExtensibilityGlobals) = postSolution
		SolutionGuid = {587554D9-BDB5-4D4F-8EB8-F14B2283FB22}
	EndGlobalSection
EndGlobal
